
Microsoft Visual Studio Solution File, Format Version 12.00
# Visual Studio Version 16
VisualStudioVersion = 16.0.29418.71
MinimumVisualStudioVersion = 10.0.40219.1
Project("{FAE04EC0-301F-11D3-BF4B-00C04F79EFBC}") = "AngularTest2", "AngularTest2\AngularTest2.csproj", "{DA37A333-5E80-4552-ACD6-C1484F379B1B}"
EndProject
Global
	GlobalSection(SolutionConfigurationPlatforms) = preSolution
		Debug|Any CPU = Debug|Any CPU
		Release|Any CPU = Release|Any CPU
	EndGlobalSection
	GlobalSection(ProjectConfigurationPlatforms) = postSolution
		{DA37A333-5E80-4552-ACD6-C1484F379B1B}.Debug|Any CPU.ActiveCfg = Debug|Any CPU
		{DA37A333-5E80-4552-ACD6-C1484F379B1B}.Debug|Any CPU.Build.0 = Debug|Any CPU
		{DA37A333-5E80-4552-ACD6-C1484F379B1B}.Release|Any CPU.ActiveCfg = Release|Any CPU
		{DA37A333-5E80-4552-ACD6-C1484F379B1B}.Release|Any CPU.Build.0 = Release|Any CPU
	EndGlobalSection
	GlobalSection(SolutionProperties) = preSolution
		HideSolutionNode = FALSE
	EndGlobalSection
	GlobalSection(ExtensibilityGlobals) = postSolution
		SolutionGuid = {76253272-EF64-46CF-A4BA-B130FC6879F0}
	EndGlobalSection
EndGlobal
